
Microsoft Visual Studio Solution File, Format Version 12.00
# Visual Studio Version 17
VisualStudioVersion = 17.14.36616.10
MinimumVisualStudioVersion = 10.0.40219.1
Project("{2150E333-8FDC-42A3-9474-1A3956D46DE8}") = "periode2", "periode2", "{C9D9013F-2B8B-48D9-AA7C-BC97A7FE50A8}"
EndProject
Project("{2150E333-8FDC-42A3-9474-1A3956D46DE8}") = "week1", "week1", "{E35445F4-336B-4BD4-90D4-C33A0D64C600}"
EndProject
Project("{FAE04EC0-301F-11D3-BF4B-00C04F79EFBC}") = "opdracht1_1", "opdracht1_1\opdracht1_1.csproj", "{4408CF5C-F8C0-46CE-8978-90EC9864FA41}"
EndProject
Project("{FAE04EC0-301F-11D3-BF4B-00C04F79EFBC}") = "opdracht1_7", "opdracht1_7\opdracht1_7.csproj", "{D548D551-3D6E-45FC-8538-5C8DAA69F68A}"
EndProject
Project("{FAE04EC0-301F-11D3-BF4B-00C04F79EFBC}") = "opdracht1_8", "opdracht1_8\opdracht1_8.csproj", "{9B25F9B9-6408-4BD1-BC97-F9E21F7E72F8}"
EndProject
Project("{FAE04EC0-301F-11D3-BF4B-00C04F79EFBC}") = "opdracht1_9", "opdracht1_9\opdracht1_9.csproj", "{95BCF020-14CE-4C16-BB56-FC3B29ED1018}"
EndProject
Project("{FAE04EC0-301F-11D3-BF4B-00C04F79EFBC}") = "opdracht1_11", "opdracht1_11\opdracht1_11.csproj", "{BF64DD49-06F5-4742-8726-0C5B75A80E2E}"
EndProject
Global
	GlobalSection(SolutionConfigurationPlatforms) = preSolution
		Debug|Any CPU = Debug|Any CPU
		Release|Any CPU = Release|Any CPU
	EndGlobalSection
	GlobalSection(ProjectConfigurationPlatforms) = postSolution
		{4408CF5C-F8C0-46CE-8978-90EC9864FA41}.Debug|Any CPU.ActiveCfg = Debug|Any CPU
		{4408CF5C-F8C0-46CE-8978-90EC9864FA41}.Debug|Any CPU.Build.0 = Debug|Any CPU
		{4408CF5C-F8C0-46CE-8978-90EC9864FA41}.Release|Any CPU.ActiveCfg = Release|Any CPU
		{4408CF5C-F8C0-46CE-8978-90EC9864FA41}.Release|Any CPU.Build.0 = Release|Any CPU
		{D548D551-3D6E-45FC-8538-5C8DAA69F68A}.Debug|Any CPU.ActiveCfg = Debug|Any CPU
		{D548D551-3D6E-45FC-8538-5C8DAA69F68A}.Debug|Any CPU.Build.0 = Debug|Any CPU
		{D548D551-3D6E-45FC-8538-5C8DAA69F68A}.Release|Any CPU.ActiveCfg = Release|Any CPU
		{D548D551-3D6E-45FC-8538-5C8DAA69F68A}.Release|Any CPU.Build.0 = Release|Any CPU
		{9B25F9B9-6408-4BD1-BC97-F9E21F7E72F8}.Debug|Any CPU.ActiveCfg = Debug|Any CPU
		{9B25F9B9-6408-4BD1-BC97-F9E21F7E72F8}.Debug|Any CPU.Build.0 = Debug|Any CPU
		{9B25F9B9-6408-4BD1-BC97-F9E21F7E72F8}.Release|Any CPU.ActiveCfg = Release|Any CPU
		{9B25F9B9-6408-4BD1-BC97-F9E21F7E72F8}.Release|Any CPU.Build.0 = Release|Any CPU
		{95BCF020-14CE-4C16-BB56-FC3B29ED1018}.Debug|Any CPU.ActiveCfg = Debug|Any CPU
		{95BCF020-14CE-4C16-BB56-FC3B29ED1018}.Debug|Any CPU.Build.0 = Debug|Any CPU
		{95BCF020-14CE-4C16-BB56-FC3B29ED1018}.Release|Any CPU.ActiveCfg = Release|Any CPU
		{95BCF020-14CE-4C16-BB56-FC3B29ED1018}.Release|Any CPU.Build.0 = Release|Any CPU
		{BF64DD49-06F5-4742-8726-0C5B75A80E2E}.Debug|Any CPU.ActiveCfg = Debug|Any CPU
		{BF64DD49-06F5-4742-8726-0C5B75A80E2E}.Debug|Any CPU.Build.0 = Debug|Any CPU
		{BF64DD49-06F5-4742-8726-0C5B75A80E2E}.Release|Any CPU.ActiveCfg = Release|Any CPU
		{BF64DD49-06F5-4742-8726-0C5B75A80E2E}.Release|Any CPU.Build.0 = Release|Any CPU
	EndGlobalSection
	GlobalSection(SolutionProperties) = preSolution
		HideSolutionNode = FALSE
	EndGlobalSection
	GlobalSection(NestedProjects) = preSolution
		{E35445F4-336B-4BD4-90D4-C33A0D64C600} = {C9D9013F-2B8B-48D9-AA7C-BC97A7FE50A8}
		{4408CF5C-F8C0-46CE-8978-90EC9864FA41} = {E35445F4-336B-4BD4-90D4-C33A0D64C600}
		{D548D551-3D6E-45FC-8538-5C8DAA69F68A} = {E35445F4-336B-4BD4-90D4-C33A0D64C600}
		{9B25F9B9-6408-4BD1-BC97-F9E21F7E72F8} = {E35445F4-336B-4BD4-90D4-C33A0D64C600}
		{95BCF020-14CE-4C16-BB56-FC3B29ED1018} = {E35445F4-336B-4BD4-90D4-C33A0D64C600}
		{BF64DD49-06F5-4742-8726-0C5B75A80E2E} = {E35445F4-336B-4BD4-90D4-C33A0D64C600}
	EndGlobalSection
	GlobalSection(ExtensibilityGlobals) = postSolution
		SolutionGuid = {151BEDF5-BAFF-4EFC-9167-24BAF82A2835}
	EndGlobalSection
EndGlobal
