
Microsoft Visual Studio Solution File, Format Version 12.00
# Visual Studio Version 18
VisualStudioVersion = 18.0.11222.15
MinimumVisualStudioVersion = 10.0.40219.1
Project("{FAE04EC0-301F-11D3-BF4B-00C04F79EFBC}") = "extra_opdracht1", "extra_opdracht1\extra_opdracht1.csproj", "{CD26C481-1683-4F4D-97D3-BE4E4D2B5E1D}"
EndProject
Project("{FAE04EC0-301F-11D3-BF4B-00C04F79EFBC}") = "extra_opdracht2", "extra_opdracht2\extra_opdracht2.csproj", "{550A097D-B571-400E-BF32-26A69F093D3C}"
EndProject
Project("{FAE04EC0-301F-11D3-BF4B-00C04F79EFBC}") = "extra_opdracht3", "extra_opdracht3\extra_opdracht3.csproj", "{655C3D3B-1C12-4C25-9489-16731B0688EC}"
EndProject
Project("{FAE04EC0-301F-11D3-BF4B-00C04F79EFBC}") = "extra_opdracht4", "extra_opdracht4\extra_opdracht4.csproj", "{CB0A6430-D10E-4E73-8403-1776C259AECD}"
EndProject
Project("{FAE04EC0-301F-11D3-BF4B-00C04F79EFBC}") = "extra_opdracht5", "extra_opdracht5\extra_opdracht5.csproj", "{53F61A61-5DB4-4B5C-9D88-7BA41F9714FA}"
EndProject
Project("{FAE04EC0-301F-11D3-BF4B-00C04F79EFBC}") = "extra_opdrachts6", "extra_opdrachts6\extra_opdrachts6.csproj", "{92F7C7B8-73F3-4F5D-8CCE-3D7CA6FC4E57}"
EndProject
Project("{FAE04EC0-301F-11D3-BF4B-00C04F79EFBC}") = "opdracht1_1", "opdracht1_1\opdracht1_1.csproj", "{2627FF2B-23D9-4036-B967-4B629A5C12F8}"
EndProject
Project("{FAE04EC0-301F-11D3-BF4B-00C04F79EFBC}") = "opdracht1_11", "opdracht1_11\opdracht1_11.csproj", "{F2AA95F6-8DB1-42CE-8E0E-B4C83DBF666B}"
EndProject
Project("{FAE04EC0-301F-11D3-BF4B-00C04F79EFBC}") = "opdracht1_7", "opdracht1_7\opdracht1_7.csproj", "{92828DB4-7F3A-4841-AF68-A3E6C8ACAA0E}"
EndProject
Project("{FAE04EC0-301F-11D3-BF4B-00C04F79EFBC}") = "opdracht1_8", "opdracht1_8\opdracht1_8.csproj", "{6608B874-CB78-4AA8-A311-67496826F136}"
EndProject
Project("{FAE04EC0-301F-11D3-BF4B-00C04F79EFBC}") = "opdracht1_9", "opdracht1_9\opdracht1_9.csproj", "{8908EA4B-A2DC-44CB-8C74-A9DB553F2A12}"
EndProject
Project("{FAE04EC0-301F-11D3-BF4B-00C04F79EFBC}") = "uml_assignment", "uml_assignment\uml_assignment.csproj", "{88236C67-1796-49C5-B288-976031EB9808}"
EndProject
Project("{FAE04EC0-301F-11D3-BF4B-00C04F79EFBC}") = "opdracht3_2", "opdracht3_2\opdracht3_2.csproj", "{50CF5D77-DC5F-426B-A3C1-98B53AEAE92D}"
EndProject
Project("{FAE04EC0-301F-11D3-BF4B-00C04F79EFBC}") = "opdracht3_3", "opdracht3_3\opdracht3_3.csproj", "{D669E593-AC99-426D-AB07-9159B6E5048D}"
EndProject
Project("{FAE04EC0-301F-11D3-BF4B-00C04F79EFBC}") = "opdracht3_4", "opdracht3_4\opdracht3_4.csproj", "{D13AF481-25C0-409A-8F5D-0894A63B4F31}"
EndProject
Project("{FAE04EC0-301F-11D3-BF4B-00C04F79EFBC}") = "opdracht3_5", "opdracht3_5\opdracht3_5.csproj", "{A10FF359-328E-4833-BC09-ECECE74AFEFB}"
EndProject
Project("{FAE04EC0-301F-11D3-BF4B-00C04F79EFBC}") = "opdracht4_7", "opdracht4_7\opdracht4_7.csproj", "{1CFD584E-5DAD-413C-ACAD-B96E8D378CF8}"
EndProject
Project("{FAE04EC0-301F-11D3-BF4B-00C04F79EFBC}") = "opdracht4_8", "opdracht4_8\opdracht4_8.csproj", "{D8815A06-FB83-4B14-9B31-476A066CD78A}"
EndProject
Project("{FAE04EC0-301F-11D3-BF4B-00C04F79EFBC}") = "opdracht4_9", "opdracht4_9\opdracht4_9.csproj", "{213B8629-A381-498D-A771-F65BDDF4ED1C}"
EndProject
Project("{FAE04EC0-301F-11D3-BF4B-00C04F79EFBC}") = "opdracht4_5", "opdracht4_5\opdracht4_5.csproj", "{7A3A48AD-1FBE-4FED-8143-059E114B8914}"
EndProject
Project("{FAE04EC0-301F-11D3-BF4B-00C04F79EFBC}") = "opdracht_4_10", "opdracht_4_10\opdracht_4_10.csproj", "{0F979753-7D73-4B55-ADEF-562E1AE571E5}"
EndProject
Project("{FAE04EC0-301F-11D3-BF4B-00C04F79EFBC}") = "extra", "extra\extra.csproj", "{B884F137-41B3-4435-8D76-E7B625CE5E2F}"
EndProject
Project("{FAE04EC0-301F-11D3-BF4B-00C04F79EFBC}") = "opdracht6_1", "opdracht6_1\opdracht6_1.csproj", "{D5B81653-C780-439E-8CFE-B3FCA409AB62}"
EndProject
Project("{FAE04EC0-301F-11D3-BF4B-00C04F79EFBC}") = "opdracht6_2", "opdracht6_2\opdracht6_2.csproj", "{E1296B28-D0B0-4021-A90B-607D617FA5C9}"
EndProject
Project("{FAE04EC0-301F-11D3-BF4B-00C04F79EFBC}") = "opdracht6_3", "opdracht6_3\opdracht6_3.csproj", "{A1C7280D-ED3F-428D-9D20-B877029A51BF}"
EndProject
Project("{FAE04EC0-301F-11D3-BF4B-00C04F79EFBC}") = "Opdracht6_4", "Opdracht6_4\Opdracht6_4.csproj", "{8F5E5F26-5D15-421E-9DD0-D426A88856F1}"
EndProject
Project("{FAE04EC0-301F-11D3-BF4B-00C04F79EFBC}") = "opdracht6_8", "opdracht6_8\opdracht6_8.csproj", "{B45A636F-4B64-4D3B-AF99-7D0D3C3A5048}"
EndProject
Project("{FAE04EC0-301F-11D3-BF4B-00C04F79EFBC}") = "opdracht5_!", "opdracht5_!\opdracht5_!.csproj", "{D0E1BFA2-1808-4124-B68E-FBE099E2A344}"
EndProject
Project("{FAE04EC0-301F-11D3-BF4B-00C04F79EFBC}") = "opdracht5_2", "opdracht5_2\opdracht5_2.csproj", "{69C98BF2-753E-4680-AA0C-CFE654B101B7}"
EndProject
Project("{FAE04EC0-301F-11D3-BF4B-00C04F79EFBC}") = "opdracht5_3", "opdracht5_3\opdracht5_3.csproj", "{A897D4F1-8650-4A32-8E91-070808030B3F}"
EndProject
Project("{FAE04EC0-301F-11D3-BF4B-00C04F79EFBC}") = "opdracht5_4", "opdracht5_4\opdracht5_4.csproj", "{9154E169-8096-472F-B1D1-82B8C58D2CB5}"
EndProject
Global
	GlobalSection(SolutionConfigurationPlatforms) = preSolution
		Debug|Any CPU = Debug|Any CPU
		Debug|x64 = Debug|x64
		Debug|x86 = Debug|x86
		Release|Any CPU = Release|Any CPU
		Release|x64 = Release|x64
		Release|x86 = Release|x86
	EndGlobalSection
	GlobalSection(ProjectConfigurationPlatforms) = postSolution
		{CD26C481-1683-4F4D-97D3-BE4E4D2B5E1D}.Debug|Any CPU.ActiveCfg = Debug|Any CPU
		{CD26C481-1683-4F4D-97D3-BE4E4D2B5E1D}.Debug|Any CPU.Build.0 = Debug|Any CPU
		{CD26C481-1683-4F4D-97D3-BE4E4D2B5E1D}.Debug|x64.ActiveCfg = Debug|Any CPU
		{CD26C481-1683-4F4D-97D3-BE4E4D2B5E1D}.Debug|x64.Build.0 = Debug|Any CPU
		{CD26C481-1683-4F4D-97D3-BE4E4D2B5E1D}.Debug|x86.ActiveCfg = Debug|Any CPU
		{CD26C481-1683-4F4D-97D3-BE4E4D2B5E1D}.Debug|x86.Build.0 = Debug|Any CPU
		{CD26C481-1683-4F4D-97D3-BE4E4D2B5E1D}.Release|Any CPU.ActiveCfg = Release|Any CPU
		{CD26C481-1683-4F4D-97D3-BE4E4D2B5E1D}.Release|Any CPU.Build.0 = Release|Any CPU
		{CD26C481-1683-4F4D-97D3-BE4E4D2B5E1D}.Release|x64.ActiveCfg = Release|Any CPU
		{CD26C481-1683-4F4D-97D3-BE4E4D2B5E1D}.Release|x64.Build.0 = Release|Any CPU
		{CD26C481-1683-4F4D-97D3-BE4E4D2B5E1D}.Release|x86.ActiveCfg = Release|Any CPU
		{CD26C481-1683-4F4D-97D3-BE4E4D2B5E1D}.Release|x86.Build.0 = Release|Any CPU
		{550A097D-B571-400E-BF32-26A69F093D3C}.Debug|Any CPU.ActiveCfg = Debug|Any CPU
		{550A097D-B571-400E-BF32-26A69F093D3C}.Debug|Any CPU.Build.0 = Debug|Any CPU
		{550A097D-B571-400E-BF32-26A69F093D3C}.Debug|x64.ActiveCfg = Debug|Any CPU
		{550A097D-B571-400E-BF32-26A69F093D3C}.Debug|x64.Build.0 = Debug|Any CPU
		{550A097D-B571-400E-BF32-26A69F093D3C}.Debug|x86.ActiveCfg = Debug|Any CPU
		{550A097D-B571-400E-BF32-26A69F093D3C}.Debug|x86.Build.0 = Debug|Any CPU
		{550A097D-B571-400E-BF32-26A69F093D3C}.Release|Any CPU.ActiveCfg = Release|Any CPU
		{550A097D-B571-400E-BF32-26A69F093D3C}.Release|Any CPU.Build.0 = Release|Any CPU
		{550A097D-B571-400E-BF32-26A69F093D3C}.Release|x64.ActiveCfg = Release|Any CPU
		{550A097D-B571-400E-BF32-26A69F093D3C}.Release|x64.Build.0 = Release|Any CPU
		{550A097D-B571-400E-BF32-26A69F093D3C}.Release|x86.ActiveCfg = Release|Any CPU
		{550A097D-B571-400E-BF32-26A69F093D3C}.Release|x86.Build.0 = Release|Any CPU
		{655C3D3B-1C12-4C25-9489-16731B0688EC}.Debug|Any CPU.ActiveCfg = Debug|Any CPU
		{655C3D3B-1C12-4C25-9489-16731B0688EC}.Debug|Any CPU.Build.0 = Debug|Any CPU
		{655C3D3B-1C12-4C25-9489-16731B0688EC}.Debug|x64.ActiveCfg = Debug|Any CPU
		{655C3D3B-1C12-4C25-9489-16731B0688EC}.Debug|x64.Build.0 = Debug|Any CPU
		{655C3D3B-1C12-4C25-9489-16731B0688EC}.Debug|x86.ActiveCfg = Debug|Any CPU
		{655C3D3B-1C12-4C25-9489-16731B0688EC}.Debug|x86.Build.0 = Debug|Any CPU
		{655C3D3B-1C12-4C25-9489-16731B0688EC}.Release|Any CPU.ActiveCfg = Release|Any CPU
		{655C3D3B-1C12-4C25-9489-16731B0688EC}.Release|Any CPU.Build.0 = Release|Any CPU
		{655C3D3B-1C12-4C25-9489-16731B0688EC}.Release|x64.ActiveCfg = Release|Any CPU
		{655C3D3B-1C12-4C25-9489-16731B0688EC}.Release|x64.Build.0 = Release|Any CPU
		{655C3D3B-1C12-4C25-9489-16731B0688EC}.Release|x86.ActiveCfg = Release|Any CPU
		{655C3D3B-1C12-4C25-9489-16731B0688EC}.Release|x86.Build.0 = Release|Any CPU
		{CB0A6430-D10E-4E73-8403-1776C259AECD}.Debug|Any CPU.ActiveCfg = Debug|Any CPU
		{CB0A6430-D10E-4E73-8403-1776C259AECD}.Debug|Any CPU.Build.0 = Debug|Any CPU
		{CB0A6430-D10E-4E73-8403-1776C259AECD}.Debug|x64.ActiveCfg = Debug|Any CPU
		{CB0A6430-D10E-4E73-8403-1776C259AECD}.Debug|x64.Build.0 = Debug|Any CPU
		{CB0A6430-D10E-4E73-8403-1776C259AECD}.Debug|x86.ActiveCfg = Debug|Any CPU
		{CB0A6430-D10E-4E73-8403-1776C259AECD}.Debug|x86.Build.0 = Debug|Any CPU
		{CB0A6430-D10E-4E73-8403-1776C259AECD}.Release|Any CPU.ActiveCfg = Release|Any CPU
		{CB0A6430-D10E-4E73-8403-1776C259AECD}.Release|Any CPU.Build.0 = Release|Any CPU
		{CB0A6430-D10E-4E73-8403-1776C259AECD}.Release|x64.ActiveCfg = Release|Any CPU
		{CB0A6430-D10E-4E73-8403-1776C259AECD}.Release|x64.Build.0 = Release|Any CPU
		{CB0A6430-D10E-4E73-8403-1776C259AECD}.Release|x86.ActiveCfg = Release|Any CPU
		{CB0A6430-D10E-4E73-8403-1776C259AECD}.Release|x86.Build.0 = Release|Any CPU
		{53F61A61-5DB4-4B5C-9D88-7BA41F9714FA}.Debug|Any CPU.ActiveCfg = Debug|Any CPU
		{53F61A61-5DB4-4B5C-9D88-7BA41F9714FA}.Debug|Any CPU.Build.0 = Debug|Any CPU
		{53F61A61-5DB4-4B5C-9D88-7BA41F9714FA}.Debug|x64.ActiveCfg = Debug|Any CPU
		{53F61A61-5DB4-4B5C-9D88-7BA41F9714FA}.Debug|x64.Build.0 = Debug|Any CPU
		{53F61A61-5DB4-4B5C-9D88-7BA41F9714FA}.Debug|x86.ActiveCfg = Debug|Any CPU
		{53F61A61-5DB4-4B5C-9D88-7BA41F9714FA}.Debug|x86.Build.0 = Debug|Any CPU
		{53F61A61-5DB4-4B5C-9D88-7BA41F9714FA}.Release|Any CPU.ActiveCfg = Release|Any CPU
		{53F61A61-5DB4-4B5C-9D88-7BA41F9714FA}.Release|Any CPU.Build.0 = Release|Any CPU
		{53F61A61-5DB4-4B5C-9D88-7BA41F9714FA}.Release|x64.ActiveCfg = Release|Any CPU
		{53F61A61-5DB4-4B5C-9D88-7BA41F9714FA}.Release|x64.Build.0 = Release|Any CPU
		{53F61A61-5DB4-4B5C-9D88-7BA41F9714FA}.Release|x86.ActiveCfg = Release|Any CPU
		{53F61A61-5DB4-4B5C-9D88-7BA41F9714FA}.Release|x86.Build.0 = Release|Any CPU
		{92F7C7B8-73F3-4F5D-8CCE-3D7CA6FC4E57}.Debug|Any CPU.ActiveCfg = Debug|Any CPU
		{92F7C7B8-73F3-4F5D-8CCE-3D7CA6FC4E57}.Debug|Any CPU.Build.0 = Debug|Any CPU
		{92F7C7B8-73F3-4F5D-8CCE-3D7CA6FC4E57}.Debug|x64.ActiveCfg = Debug|Any CPU
		{92F7C7B8-73F3-4F5D-8CCE-3D7CA6FC4E57}.Debug|x64.Build.0 = Debug|Any CPU
		{92F7C7B8-73F3-4F5D-8CCE-3D7CA6FC4E57}.Debug|x86.ActiveCfg = Debug|Any CPU
		{92F7C7B8-73F3-4F5D-8CCE-3D7CA6FC4E57}.Debug|x86.Build.0 = Debug|Any CPU
		{92F7C7B8-73F3-4F5D-8CCE-3D7CA6FC4E57}.Release|Any CPU.ActiveCfg = Release|Any CPU
		{92F7C7B8-73F3-4F5D-8CCE-3D7CA6FC4E57}.Release|Any CPU.Build.0 = Release|Any CPU
		{92F7C7B8-73F3-4F5D-8CCE-3D7CA6FC4E57}.Release|x64.ActiveCfg = Release|Any CPU
		{92F7C7B8-73F3-4F5D-8CCE-3D7CA6FC4E57}.Release|x64.Build.0 = Release|Any CPU
		{92F7C7B8-73F3-4F5D-8CCE-3D7CA6FC4E57}.Release|x86.ActiveCfg = Release|Any CPU
		{92F7C7B8-73F3-4F5D-8CCE-3D7CA6FC4E57}.Release|x86.Build.0 = Release|Any CPU
		{2627FF2B-23D9-4036-B967-4B629A5C12F8}.Debug|Any CPU.ActiveCfg = Debug|Any CPU
		{2627FF2B-23D9-4036-B967-4B629A5C12F8}.Debug|Any CPU.Build.0 = Debug|Any CPU
		{2627FF2B-23D9-4036-B967-4B629A5C12F8}.Debug|x64.ActiveCfg = Debug|Any CPU
		{2627FF2B-23D9-4036-B967-4B629A5C12F8}.Debug|x64.Build.0 = Debug|Any CPU
		{2627FF2B-23D9-4036-B967-4B629A5C12F8}.Debug|x86.ActiveCfg = Debug|Any CPU
		{2627FF2B-23D9-4036-B967-4B629A5C12F8}.Debug|x86.Build.0 = Debug|Any CPU
		{2627FF2B-23D9-4036-B967-4B629A5C12F8}.Release|Any CPU.ActiveCfg = Release|Any CPU
		{2627FF2B-23D9-4036-B967-4B629A5C12F8}.Release|Any CPU.Build.0 = Release|Any CPU
		{2627FF2B-23D9-4036-B967-4B629A5C12F8}.Release|x64.ActiveCfg = Release|Any CPU
		{2627FF2B-23D9-4036-B967-4B629A5C12F8}.Release|x64.Build.0 = Release|Any CPU
		{2627FF2B-23D9-4036-B967-4B629A5C12F8}.Release|x86.ActiveCfg = Release|Any CPU
		{2627FF2B-23D9-4036-B967-4B629A5C12F8}.Release|x86.Build.0 = Release|Any CPU
		{F2AA95F6-8DB1-42CE-8E0E-B4C83DBF666B}.Debug|Any CPU.ActiveCfg = Debug|Any CPU
		{F2AA95F6-8DB1-42CE-8E0E-B4C83DBF666B}.Debug|Any CPU.Build.0 = Debug|Any CPU
		{F2AA95F6-8DB1-42CE-8E0E-B4C83DBF666B}.Debug|x64.ActiveCfg = Debug|Any CPU
		{F2AA95F6-8DB1-42CE-8E0E-B4C83DBF666B}.Debug|x64.Build.0 = Debug|Any CPU
		{F2AA95F6-8DB1-42CE-8E0E-B4C83DBF666B}.Debug|x86.ActiveCfg = Debug|Any CPU
		{F2AA95F6-8DB1-42CE-8E0E-B4C83DBF666B}.Debug|x86.Build.0 = Debug|Any CPU
		{F2AA95F6-8DB1-42CE-8E0E-B4C83DBF666B}.Release|Any CPU.ActiveCfg = Release|Any CPU
		{F2AA95F6-8DB1-42CE-8E0E-B4C83DBF666B}.Release|Any CPU.Build.0 = Release|Any CPU
		{F2AA95F6-8DB1-42CE-8E0E-B4C83DBF666B}.Release|x64.ActiveCfg = Release|Any CPU
		{F2AA95F6-8DB1-42CE-8E0E-B4C83DBF666B}.Release|x64.Build.0 = Release|Any CPU
		{F2AA95F6-8DB1-42CE-8E0E-B4C83DBF666B}.Release|x86.ActiveCfg = Release|Any CPU
		{F2AA95F6-8DB1-42CE-8E0E-B4C83DBF666B}.Release|x86.Build.0 = Release|Any CPU
		{92828DB4-7F3A-4841-AF68-A3E6C8ACAA0E}.Debug|Any CPU.ActiveCfg = Debug|Any CPU
		{92828DB4-7F3A-4841-AF68-A3E6C8ACAA0E}.Debug|Any CPU.Build.0 = Debug|Any CPU
		{92828DB4-7F3A-4841-AF68-A3E6C8ACAA0E}.Debug|x64.ActiveCfg = Debug|Any CPU
		{92828DB4-7F3A-4841-AF68-A3E6C8ACAA0E}.Debug|x64.Build.0 = Debug|Any CPU
		{92828DB4-7F3A-4841-AF68-A3E6C8ACAA0E}.Debug|x86.ActiveCfg = Debug|Any CPU
		{92828DB4-7F3A-4841-AF68-A3E6C8ACAA0E}.Debug|x86.Build.0 = Debug|Any CPU
		{92828DB4-7F3A-4841-AF68-A3E6C8ACAA0E}.Release|Any CPU.ActiveCfg = Release|Any CPU
		{92828DB4-7F3A-4841-AF68-A3E6C8ACAA0E}.Release|Any CPU.Build.0 = Release|Any CPU
		{92828DB4-7F3A-4841-AF68-A3E6C8ACAA0E}.Release|x64.ActiveCfg = Release|Any CPU
		{92828DB4-7F3A-4841-AF68-A3E6C8ACAA0E}.Release|x64.Build.0 = Release|Any CPU
		{92828DB4-7F3A-4841-AF68-A3E6C8ACAA0E}.Release|x86.ActiveCfg = Release|Any CPU
		{92828DB4-7F3A-4841-AF68-A3E6C8ACAA0E}.Release|x86.Build.0 = Release|Any CPU
		{6608B874-CB78-4AA8-A311-67496826F136}.Debug|Any CPU.ActiveCfg = Debug|Any CPU
		{6608B874-CB78-4AA8-A311-67496826F136}.Debug|Any CPU.Build.0 = Debug|Any CPU
		{6608B874-CB78-4AA8-A311-67496826F136}.Debug|x64.ActiveCfg = Debug|Any CPU
		{6608B874-CB78-4AA8-A311-67496826F136}.Debug|x64.Build.0 = Debug|Any CPU
		{6608B874-CB78-4AA8-A311-67496826F136}.Debug|x86.ActiveCfg = Debug|Any CPU
		{6608B874-CB78-4AA8-A311-67496826F136}.Debug|x86.Build.0 = Debug|Any CPU
		{6608B874-CB78-4AA8-A311-67496826F136}.Release|Any CPU.ActiveCfg = Release|Any CPU
		{6608B874-CB78-4AA8-A311-67496826F136}.Release|Any CPU.Build.0 = Release|Any CPU
		{6608B874-CB78-4AA8-A311-67496826F136}.Release|x64.ActiveCfg = Release|Any CPU
		{6608B874-CB78-4AA8-A311-67496826F136}.Release|x64.Build.0 = Release|Any CPU
		{6608B874-CB78-4AA8-A311-67496826F136}.Release|x86.ActiveCfg = Release|Any CPU
		{6608B874-CB78-4AA8-A311-67496826F136}.Release|x86.Build.0 = Release|Any CPU
		{8908EA4B-A2DC-44CB-8C74-A9DB553F2A12}.Debug|Any CPU.ActiveCfg = Debug|Any CPU
		{8908EA4B-A2DC-44CB-8C74-A9DB553F2A12}.Debug|Any CPU.Build.0 = Debug|Any CPU
		{8908EA4B-A2DC-44CB-8C74-A9DB553F2A12}.Debug|x64.ActiveCfg = Debug|Any CPU
		{8908EA4B-A2DC-44CB-8C74-A9DB553F2A12}.Debug|x64.Build.0 = Debug|Any CPU
		{8908EA4B-A2DC-44CB-8C74-A9DB553F2A12}.Debug|x86.ActiveCfg = Debug|Any CPU
		{8908EA4B-A2DC-44CB-8C74-A9DB553F2A12}.Debug|x86.Build.0 = Debug|Any CPU
		{8908EA4B-A2DC-44CB-8C74-A9DB553F2A12}.Release|Any CPU.ActiveCfg = Release|Any CPU
		{8908EA4B-A2DC-44CB-8C74-A9DB553F2A12}.Release|Any CPU.Build.0 = Release|Any CPU
		{8908EA4B-A2DC-44CB-8C74-A9DB553F2A12}.Release|x64.ActiveCfg = Release|Any CPU
		{8908EA4B-A2DC-44CB-8C74-A9DB553F2A12}.Release|x64.Build.0 = Release|Any CPU
		{8908EA4B-A2DC-44CB-8C74-A9DB553F2A12}.Release|x86.ActiveCfg = Release|Any CPU
		{8908EA4B-A2DC-44CB-8C74-A9DB553F2A12}.Release|x86.Build.0 = Release|Any CPU
		{88236C67-1796-49C5-B288-976031EB9808}.Debug|Any CPU.ActiveCfg = Debug|Any CPU
		{88236C67-1796-49C5-B288-976031EB9808}.Debug|Any CPU.Build.0 = Debug|Any CPU
		{88236C67-1796-49C5-B288-976031EB9808}.Debug|x64.ActiveCfg = Debug|Any CPU
		{88236C67-1796-49C5-B288-976031EB9808}.Debug|x64.Build.0 = Debug|Any CPU
		{88236C67-1796-49C5-B288-976031EB9808}.Debug|x86.ActiveCfg = Debug|Any CPU
		{88236C67-1796-49C5-B288-976031EB9808}.Debug|x86.Build.0 = Debug|Any CPU
		{88236C67-1796-49C5-B288-976031EB9808}.Release|Any CPU.ActiveCfg = Release|Any CPU
		{88236C67-1796-49C5-B288-976031EB9808}.Release|Any CPU.Build.0 = Release|Any CPU
		{88236C67-1796-49C5-B288-976031EB9808}.Release|x64.ActiveCfg = Release|Any CPU
		{88236C67-1796-49C5-B288-976031EB9808}.Release|x64.Build.0 = Release|Any CPU
		{88236C67-1796-49C5-B288-976031EB9808}.Release|x86.ActiveCfg = Release|Any CPU
		{88236C67-1796-49C5-B288-976031EB9808}.Release|x86.Build.0 = Release|Any CPU
		{50CF5D77-DC5F-426B-A3C1-98B53AEAE92D}.Debug|Any CPU.ActiveCfg = Debug|Any CPU
		{50CF5D77-DC5F-426B-A3C1-98B53AEAE92D}.Debug|Any CPU.Build.0 = Debug|Any CPU
		{50CF5D77-DC5F-426B-A3C1-98B53AEAE92D}.Debug|x64.ActiveCfg = Debug|Any CPU
		{50CF5D77-DC5F-426B-A3C1-98B53AEAE92D}.Debug|x64.Build.0 = Debug|Any CPU
		{50CF5D77-DC5F-426B-A3C1-98B53AEAE92D}.Debug|x86.ActiveCfg = Debug|Any CPU
		{50CF5D77-DC5F-426B-A3C1-98B53AEAE92D}.Debug|x86.Build.0 = Debug|Any CPU
		{50CF5D77-DC5F-426B-A3C1-98B53AEAE92D}.Release|Any CPU.ActiveCfg = Release|Any CPU
		{50CF5D77-DC5F-426B-A3C1-98B53AEAE92D}.Release|Any CPU.Build.0 = Release|Any CPU
		{50CF5D77-DC5F-426B-A3C1-98B53AEAE92D}.Release|x64.ActiveCfg = Release|Any CPU
		{50CF5D77-DC5F-426B-A3C1-98B53AEAE92D}.Release|x64.Build.0 = Release|Any CPU
		{50CF5D77-DC5F-426B-A3C1-98B53AEAE92D}.Release|x86.ActiveCfg = Release|Any CPU
		{50CF5D77-DC5F-426B-A3C1-98B53AEAE92D}.Release|x86.Build.0 = Release|Any CPU
		{D669E593-AC99-426D-AB07-9159B6E5048D}.Debug|Any CPU.ActiveCfg = Debug|Any CPU
		{D669E593-AC99-426D-AB07-9159B6E5048D}.Debug|Any CPU.Build.0 = Debug|Any CPU
		{D669E593-AC99-426D-AB07-9159B6E5048D}.Debug|x64.ActiveCfg = Debug|Any CPU
		{D669E593-AC99-426D-AB07-9159B6E5048D}.Debug|x64.Build.0 = Debug|Any CPU
		{D669E593-AC99-426D-AB07-9159B6E5048D}.Debug|x86.ActiveCfg = Debug|Any CPU
		{D669E593-AC99-426D-AB07-9159B6E5048D}.Debug|x86.Build.0 = Debug|Any CPU
		{D669E593-AC99-426D-AB07-9159B6E5048D}.Release|Any CPU.ActiveCfg = Release|Any CPU
		{D669E593-AC99-426D-AB07-9159B6E5048D}.Release|Any CPU.Build.0 = Release|Any CPU
		{D669E593-AC99-426D-AB07-9159B6E5048D}.Release|x64.ActiveCfg = Release|Any CPU
		{D669E593-AC99-426D-AB07-9159B6E5048D}.Release|x64.Build.0 = Release|Any CPU
		{D669E593-AC99-426D-AB07-9159B6E5048D}.Release|x86.ActiveCfg = Release|Any CPU
		{D669E593-AC99-426D-AB07-9159B6E5048D}.Release|x86.Build.0 = Release|Any CPU
		{D13AF481-25C0-409A-8F5D-0894A63B4F31}.Debug|Any CPU.ActiveCfg = Debug|Any CPU
		{D13AF481-25C0-409A-8F5D-0894A63B4F31}.Debug|Any CPU.Build.0 = Debug|Any CPU
		{D13AF481-25C0-409A-8F5D-0894A63B4F31}.Debug|x64.ActiveCfg = Debug|Any CPU
		{D13AF481-25C0-409A-8F5D-0894A63B4F31}.Debug|x64.Build.0 = Debug|Any CPU
		{D13AF481-25C0-409A-8F5D-0894A63B4F31}.Debug|x86.ActiveCfg = Debug|Any CPU
		{D13AF481-25C0-409A-8F5D-0894A63B4F31}.Debug|x86.Build.0 = Debug|Any CPU
		{D13AF481-25C0-409A-8F5D-0894A63B4F31}.Release|Any CPU.ActiveCfg = Release|Any CPU
		{D13AF481-25C0-409A-8F5D-0894A63B4F31}.Release|Any CPU.Build.0 = Release|Any CPU
		{D13AF481-25C0-409A-8F5D-0894A63B4F31}.Release|x64.ActiveCfg = Release|Any CPU
		{D13AF481-25C0-409A-8F5D-0894A63B4F31}.Release|x64.Build.0 = Release|Any CPU
		{D13AF481-25C0-409A-8F5D-0894A63B4F31}.Release|x86.ActiveCfg = Release|Any CPU
		{D13AF481-25C0-409A-8F5D-0894A63B4F31}.Release|x86.Build.0 = Release|Any CPU
		{A10FF359-328E-4833-BC09-ECECE74AFEFB}.Debug|Any CPU.ActiveCfg = Debug|Any CPU
		{A10FF359-328E-4833-BC09-ECECE74AFEFB}.Debug|Any CPU.Build.0 = Debug|Any CPU
		{A10FF359-328E-4833-BC09-ECECE74AFEFB}.Debug|x64.ActiveCfg = Debug|Any CPU
		{A10FF359-328E-4833-BC09-ECECE74AFEFB}.Debug|x64.Build.0 = Debug|Any CPU
		{A10FF359-328E-4833-BC09-ECECE74AFEFB}.Debug|x86.ActiveCfg = Debug|Any CPU
		{A10FF359-328E-4833-BC09-ECECE74AFEFB}.Debug|x86.Build.0 = Debug|Any CPU
		{A10FF359-328E-4833-BC09-ECECE74AFEFB}.Release|Any CPU.ActiveCfg = Release|Any CPU
		{A10FF359-328E-4833-BC09-ECECE74AFEFB}.Release|Any CPU.Build.0 = Release|Any CPU
		{A10FF359-328E-4833-BC09-ECECE74AFEFB}.Release|x64.ActiveCfg = Release|Any CPU
		{A10FF359-328E-4833-BC09-ECECE74AFEFB}.Release|x64.Build.0 = Release|Any CPU
		{A10FF359-328E-4833-BC09-ECECE74AFEFB}.Release|x86.ActiveCfg = Release|Any CPU
		{A10FF359-328E-4833-BC09-ECECE74AFEFB}.Release|x86.Build.0 = Release|Any CPU
		{1CFD584E-5DAD-413C-ACAD-B96E8D378CF8}.Debug|Any CPU.ActiveCfg = Debug|Any CPU
		{1CFD584E-5DAD-413C-ACAD-B96E8D378CF8}.Debug|Any CPU.Build.0 = Debug|Any CPU
		{1CFD584E-5DAD-413C-ACAD-B96E8D378CF8}.Debug|x64.ActiveCfg = Debug|Any CPU
		{1CFD584E-5DAD-413C-ACAD-B96E8D378CF8}.Debug|x64.Build.0 = Debug|Any CPU
		{1CFD584E-5DAD-413C-ACAD-B96E8D378CF8}.Debug|x86.ActiveCfg = Debug|Any CPU
		{1CFD584E-5DAD-413C-ACAD-B96E8D378CF8}.Debug|x86.Build.0 = Debug|Any CPU
		{1CFD584E-5DAD-413C-ACAD-B96E8D378CF8}.Release|Any CPU.ActiveCfg = Release|Any CPU
		{1CFD584E-5DAD-413C-ACAD-B96E8D378CF8}.Release|Any CPU.Build.0 = Release|Any CPU
		{1CFD584E-5DAD-413C-ACAD-B96E8D378CF8}.Release|x64.ActiveCfg = Release|Any CPU
		{1CFD584E-5DAD-413C-ACAD-B96E8D378CF8}.Release|x64.Build.0 = Release|Any CPU
		{1CFD584E-5DAD-413C-ACAD-B96E8D378CF8}.Release|x86.ActiveCfg = Release|Any CPU
		{1CFD584E-5DAD-413C-ACAD-B96E8D378CF8}.Release|x86.Build.0 = Release|Any CPU
		{D8815A06-FB83-4B14-9B31-476A066CD78A}.Debug|Any CPU.ActiveCfg = Debug|Any CPU
		{D8815A06-FB83-4B14-9B31-476A066CD78A}.Debug|Any CPU.Build.0 = Debug|Any CPU
		{D8815A06-FB83-4B14-9B31-476A066CD78A}.Debug|x64.ActiveCfg = Debug|Any CPU
		{D8815A06-FB83-4B14-9B31-476A066CD78A}.Debug|x64.Build.0 = Debug|Any CPU
		{D8815A06-FB83-4B14-9B31-476A066CD78A}.Debug|x86.ActiveCfg = Debug|Any CPU
		{D8815A06-FB83-4B14-9B31-476A066CD78A}.Debug|x86.Build.0 = Debug|Any CPU
		{D8815A06-FB83-4B14-9B31-476A066CD78A}.Release|Any CPU.ActiveCfg = Release|Any CPU
		{D8815A06-FB83-4B14-9B31-476A066CD78A}.Release|Any CPU.Build.0 = Release|Any CPU
		{D8815A06-FB83-4B14-9B31-476A066CD78A}.Release|x64.ActiveCfg = Release|Any CPU
		{D8815A06-FB83-4B14-9B31-476A066CD78A}.Release|x64.Build.0 = Release|Any CPU
		{D8815A06-FB83-4B14-9B31-476A066CD78A}.Release|x86.ActiveCfg = Release|Any CPU
		{D8815A06-FB83-4B14-9B31-476A066CD78A}.Release|x86.Build.0 = Release|Any CPU
		{213B8629-A381-498D-A771-F65BDDF4ED1C}.Debug|Any CPU.ActiveCfg = Debug|Any CPU
		{213B8629-A381-498D-A771-F65BDDF4ED1C}.Debug|Any CPU.Build.0 = Debug|Any CPU
		{213B8629-A381-498D-A771-F65BDDF4ED1C}.Debug|x64.ActiveCfg = Debug|Any CPU
		{213B8629-A381-498D-A771-F65BDDF4ED1C}.Debug|x64.Build.0 = Debug|Any CPU
		{213B8629-A381-498D-A771-F65BDDF4ED1C}.Debug|x86.ActiveCfg = Debug|Any CPU
		{213B8629-A381-498D-A771-F65BDDF4ED1C}.Debug|x86.Build.0 = Debug|Any CPU
		{213B8629-A381-498D-A771-F65BDDF4ED1C}.Release|Any CPU.ActiveCfg = Release|Any CPU
		{213B8629-A381-498D-A771-F65BDDF4ED1C}.Release|Any CPU.Build.0 = Release|Any CPU
		{213B8629-A381-498D-A771-F65BDDF4ED1C}.Release|x64.ActiveCfg = Release|Any CPU
		{213B8629-A381-498D-A771-F65BDDF4ED1C}.Release|x64.Build.0 = Release|Any CPU
		{213B8629-A381-498D-A771-F65BDDF4ED1C}.Release|x86.ActiveCfg = Release|Any CPU
		{213B8629-A381-498D-A771-F65BDDF4ED1C}.Release|x86.Build.0 = Release|Any CPU
		{7A3A48AD-1FBE-4FED-8143-059E114B8914}.Debug|Any CPU.ActiveCfg = Debug|Any CPU
		{7A3A48AD-1FBE-4FED-8143-059E114B8914}.Debug|Any CPU.Build.0 = Debug|Any CPU
		{7A3A48AD-1FBE-4FED-8143-059E114B8914}.Debug|x64.ActiveCfg = Debug|Any CPU
		{7A3A48AD-1FBE-4FED-8143-059E114B8914}.Debug|x64.Build.0 = Debug|Any CPU
		{7A3A48AD-1FBE-4FED-8143-059E114B8914}.Debug|x86.ActiveCfg = Debug|Any CPU
		{7A3A48AD-1FBE-4FED-8143-059E114B8914}.Debug|x86.Build.0 = Debug|Any CPU
		{7A3A48AD-1FBE-4FED-8143-059E114B8914}.Release|Any CPU.ActiveCfg = Release|Any CPU
		{7A3A48AD-1FBE-4FED-8143-059E114B8914}.Release|Any CPU.Build.0 = Release|Any CPU
		{7A3A48AD-1FBE-4FED-8143-059E114B8914}.Release|x64.ActiveCfg = Release|Any CPU
		{7A3A48AD-1FBE-4FED-8143-059E114B8914}.Release|x64.Build.0 = Release|Any CPU
		{7A3A48AD-1FBE-4FED-8143-059E114B8914}.Release|x86.ActiveCfg = Release|Any CPU
		{7A3A48AD-1FBE-4FED-8143-059E114B8914}.Release|x86.Build.0 = Release|Any CPU
		{0F979753-7D73-4B55-ADEF-562E1AE571E5}.Debug|Any CPU.ActiveCfg = Debug|Any CPU
		{0F979753-7D73-4B55-ADEF-562E1AE571E5}.Debug|Any CPU.Build.0 = Debug|Any CPU
		{0F979753-7D73-4B55-ADEF-562E1AE571E5}.Debug|x64.ActiveCfg = Debug|Any CPU
		{0F979753-7D73-4B55-ADEF-562E1AE571E5}.Debug|x64.Build.0 = Debug|Any CPU
		{0F979753-7D73-4B55-ADEF-562E1AE571E5}.Debug|x86.ActiveCfg = Debug|Any CPU
		{0F979753-7D73-4B55-ADEF-562E1AE571E5}.Debug|x86.Build.0 = Debug|Any CPU
		{0F979753-7D73-4B55-ADEF-562E1AE571E5}.Release|Any CPU.ActiveCfg = Release|Any CPU
		{0F979753-7D73-4B55-ADEF-562E1AE571E5}.Release|Any CPU.Build.0 = Release|Any CPU
		{0F979753-7D73-4B55-ADEF-562E1AE571E5}.Release|x64.ActiveCfg = Release|Any CPU
		{0F979753-7D73-4B55-ADEF-562E1AE571E5}.Release|x64.Build.0 = Release|Any CPU
		{0F979753-7D73-4B55-ADEF-562E1AE571E5}.Release|x86.ActiveCfg = Release|Any CPU
		{0F979753-7D73-4B55-ADEF-562E1AE571E5}.Release|x86.Build.0 = Release|Any CPU
		{B884F137-41B3-4435-8D76-E7B625CE5E2F}.Debug|Any CPU.ActiveCfg = Debug|Any CPU
		{B884F137-41B3-4435-8D76-E7B625CE5E2F}.Debug|Any CPU.Build.0 = Debug|Any CPU
		{B884F137-41B3-4435-8D76-E7B625CE5E2F}.Debug|x64.ActiveCfg = Debug|Any CPU
		{B884F137-41B3-4435-8D76-E7B625CE5E2F}.Debug|x64.Build.0 = Debug|Any CPU
		{B884F137-41B3-4435-8D76-E7B625CE5E2F}.Debug|x86.ActiveCfg = Debug|Any CPU
		{B884F137-41B3-4435-8D76-E7B625CE5E2F}.Debug|x86.Build.0 = Debug|Any CPU
		{B884F137-41B3-4435-8D76-E7B625CE5E2F}.Release|Any CPU.ActiveCfg = Release|Any CPU
		{B884F137-41B3-4435-8D76-E7B625CE5E2F}.Release|Any CPU.Build.0 = Release|Any CPU
		{B884F137-41B3-4435-8D76-E7B625CE5E2F}.Release|x64.ActiveCfg = Release|Any CPU
		{B884F137-41B3-4435-8D76-E7B625CE5E2F}.Release|x64.Build.0 = Release|Any CPU
		{B884F137-41B3-4435-8D76-E7B625CE5E2F}.Release|x86.ActiveCfg = Release|Any CPU
		{B884F137-41B3-4435-8D76-E7B625CE5E2F}.Release|x86.Build.0 = Release|Any CPU
		{D5B81653-C780-439E-8CFE-B3FCA409AB62}.Debug|Any CPU.ActiveCfg = Debug|Any CPU
		{D5B81653-C780-439E-8CFE-B3FCA409AB62}.Debug|Any CPU.Build.0 = Debug|Any CPU
		{D5B81653-C780-439E-8CFE-B3FCA409AB62}.Debug|x64.ActiveCfg = Debug|Any CPU
		{D5B81653-C780-439E-8CFE-B3FCA409AB62}.Debug|x64.Build.0 = Debug|Any CPU
		{D5B81653-C780-439E-8CFE-B3FCA409AB62}.Debug|x86.ActiveCfg = Debug|Any CPU
		{D5B81653-C780-439E-8CFE-B3FCA409AB62}.Debug|x86.Build.0 = Debug|Any CPU
		{D5B81653-C780-439E-8CFE-B3FCA409AB62}.Release|Any CPU.ActiveCfg = Release|Any CPU
		{D5B81653-C780-439E-8CFE-B3FCA409AB62}.Release|Any CPU.Build.0 = Release|Any CPU
		{D5B81653-C780-439E-8CFE-B3FCA409AB62}.Release|x64.ActiveCfg = Release|Any CPU
		{D5B81653-C780-439E-8CFE-B3FCA409AB62}.Release|x64.Build.0 = Release|Any CPU
		{D5B81653-C780-439E-8CFE-B3FCA409AB62}.Release|x86.ActiveCfg = Release|Any CPU
		{D5B81653-C780-439E-8CFE-B3FCA409AB62}.Release|x86.Build.0 = Release|Any CPU
		{E1296B28-D0B0-4021-A90B-607D617FA5C9}.Debug|Any CPU.ActiveCfg = Debug|Any CPU
		{E1296B28-D0B0-4021-A90B-607D617FA5C9}.Debug|Any CPU.Build.0 = Debug|Any CPU
		{E1296B28-D0B0-4021-A90B-607D617FA5C9}.Debug|x64.ActiveCfg = Debug|Any CPU
		{E1296B28-D0B0-4021-A90B-607D617FA5C9}.Debug|x64.Build.0 = Debug|Any CPU
		{E1296B28-D0B0-4021-A90B-607D617FA5C9}.Debug|x86.ActiveCfg = Debug|Any CPU
		{E1296B28-D0B0-4021-A90B-607D617FA5C9}.Debug|x86.Build.0 = Debug|Any CPU
		{E1296B28-D0B0-4021-A90B-607D617FA5C9}.Release|Any CPU.ActiveCfg = Release|Any CPU
		{E1296B28-D0B0-4021-A90B-607D617FA5C9}.Release|Any CPU.Build.0 = Release|Any CPU
		{E1296B28-D0B0-4021-A90B-607D617FA5C9}.Release|x64.ActiveCfg = Release|Any CPU
		{E1296B28-D0B0-4021-A90B-607D617FA5C9}.Release|x64.Build.0 = Release|Any CPU
		{E1296B28-D0B0-4021-A90B-607D617FA5C9}.Release|x86.ActiveCfg = Release|Any CPU
		{E1296B28-D0B0-4021-A90B-607D617FA5C9}.Release|x86.Build.0 = Release|Any CPU
		{A1C7280D-ED3F-428D-9D20-B877029A51BF}.Debug|Any CPU.ActiveCfg = Debug|Any CPU
		{A1C7280D-ED3F-428D-9D20-B877029A51BF}.Debug|Any CPU.Build.0 = Debug|Any CPU
		{A1C7280D-ED3F-428D-9D20-B877029A51BF}.Debug|x64.ActiveCfg = Debug|Any CPU
		{A1C7280D-ED3F-428D-9D20-B877029A51BF}.Debug|x64.Build.0 = Debug|Any CPU
		{A1C7280D-ED3F-428D-9D20-B877029A51BF}.Debug|x86.ActiveCfg = Debug|Any CPU
		{A1C7280D-ED3F-428D-9D20-B877029A51BF}.Debug|x86.Build.0 = Debug|Any CPU
		{A1C7280D-ED3F-428D-9D20-B877029A51BF}.Release|Any CPU.ActiveCfg = Release|Any CPU
		{A1C7280D-ED3F-428D-9D20-B877029A51BF}.Release|Any CPU.Build.0 = Release|Any CPU
		{A1C7280D-ED3F-428D-9D20-B877029A51BF}.Release|x64.ActiveCfg = Release|Any CPU
		{A1C7280D-ED3F-428D-9D20-B877029A51BF}.Release|x64.Build.0 = Release|Any CPU
		{A1C7280D-ED3F-428D-9D20-B877029A51BF}.Release|x86.ActiveCfg = Release|Any CPU
		{A1C7280D-ED3F-428D-9D20-B877029A51BF}.Release|x86.Build.0 = Release|Any CPU
		{8F5E5F26-5D15-421E-9DD0-D426A88856F1}.Debug|Any CPU.ActiveCfg = Debug|Any CPU
		{8F5E5F26-5D15-421E-9DD0-D426A88856F1}.Debug|Any CPU.Build.0 = Debug|Any CPU
		{8F5E5F26-5D15-421E-9DD0-D426A88856F1}.Debug|x64.ActiveCfg = Debug|Any CPU
		{8F5E5F26-5D15-421E-9DD0-D426A88856F1}.Debug|x64.Build.0 = Debug|Any CPU
		{8F5E5F26-5D15-421E-9DD0-D426A88856F1}.Debug|x86.ActiveCfg = Debug|Any CPU
		{8F5E5F26-5D15-421E-9DD0-D426A88856F1}.Debug|x86.Build.0 = Debug|Any CPU
		{8F5E5F26-5D15-421E-9DD0-D426A88856F1}.Release|Any CPU.ActiveCfg = Release|Any CPU
		{8F5E5F26-5D15-421E-9DD0-D426A88856F1}.Release|Any CPU.Build.0 = Release|Any CPU
		{8F5E5F26-5D15-421E-9DD0-D426A88856F1}.Release|x64.ActiveCfg = Release|Any CPU
		{8F5E5F26-5D15-421E-9DD0-D426A88856F1}.Release|x64.Build.0 = Release|Any CPU
		{8F5E5F26-5D15-421E-9DD0-D426A88856F1}.Release|x86.ActiveCfg = Release|Any CPU
		{8F5E5F26-5D15-421E-9DD0-D426A88856F1}.Release|x86.Build.0 = Release|Any CPU
		{B45A636F-4B64-4D3B-AF99-7D0D3C3A5048}.Debug|Any CPU.ActiveCfg = Debug|Any CPU
		{B45A636F-4B64-4D3B-AF99-7D0D3C3A5048}.Debug|Any CPU.Build.0 = Debug|Any CPU
		{B45A636F-4B64-4D3B-AF99-7D0D3C3A5048}.Debug|x64.ActiveCfg = Debug|Any CPU
		{B45A636F-4B64-4D3B-AF99-7D0D3C3A5048}.Debug|x64.Build.0 = Debug|Any CPU
		{B45A636F-4B64-4D3B-AF99-7D0D3C3A5048}.Debug|x86.ActiveCfg = Debug|Any CPU
		{B45A636F-4B64-4D3B-AF99-7D0D3C3A5048}.Debug|x86.Build.0 = Debug|Any CPU
		{B45A636F-4B64-4D3B-AF99-7D0D3C3A5048}.Release|Any CPU.ActiveCfg = Release|Any CPU
		{B45A636F-4B64-4D3B-AF99-7D0D3C3A5048}.Release|Any CPU.Build.0 = Release|Any CPU
		{B45A636F-4B64-4D3B-AF99-7D0D3C3A5048}.Release|x64.ActiveCfg = Release|Any CPU
		{B45A636F-4B64-4D3B-AF99-7D0D3C3A5048}.Release|x64.Build.0 = Release|Any CPU
		{B45A636F-4B64-4D3B-AF99-7D0D3C3A5048}.Release|x86.ActiveCfg = Release|Any CPU
		{B45A636F-4B64-4D3B-AF99-7D0D3C3A5048}.Release|x86.Build.0 = Release|Any CPU
		{D0E1BFA2-1808-4124-B68E-FBE099E2A344}.Debug|Any CPU.ActiveCfg = Debug|Any CPU
		{D0E1BFA2-1808-4124-B68E-FBE099E2A344}.Debug|Any CPU.Build.0 = Debug|Any CPU
		{D0E1BFA2-1808-4124-B68E-FBE099E2A344}.Debug|x64.ActiveCfg = Debug|Any CPU
		{D0E1BFA2-1808-4124-B68E-FBE099E2A344}.Debug|x64.Build.0 = Debug|Any CPU
		{D0E1BFA2-1808-4124-B68E-FBE099E2A344}.Debug|x86.ActiveCfg = Debug|Any CPU
		{D0E1BFA2-1808-4124-B68E-FBE099E2A344}.Debug|x86.Build.0 = Debug|Any CPU
		{D0E1BFA2-1808-4124-B68E-FBE099E2A344}.Release|Any CPU.ActiveCfg = Release|Any CPU
		{D0E1BFA2-1808-4124-B68E-FBE099E2A344}.Release|Any CPU.Build.0 = Release|Any CPU
		{D0E1BFA2-1808-4124-B68E-FBE099E2A344}.Release|x64.ActiveCfg = Release|Any CPU
		{D0E1BFA2-1808-4124-B68E-FBE099E2A344}.Release|x64.Build.0 = Release|Any CPU
		{D0E1BFA2-1808-4124-B68E-FBE099E2A344}.Release|x86.ActiveCfg = Release|Any CPU
		{D0E1BFA2-1808-4124-B68E-FBE099E2A344}.Release|x86.Build.0 = Release|Any CPU
		{69C98BF2-753E-4680-AA0C-CFE654B101B7}.Debug|Any CPU.ActiveCfg = Debug|Any CPU
		{69C98BF2-753E-4680-AA0C-CFE654B101B7}.Debug|Any CPU.Build.0 = Debug|Any CPU
		{69C98BF2-753E-4680-AA0C-CFE654B101B7}.Debug|x64.ActiveCfg = Debug|Any CPU
		{69C98BF2-753E-4680-AA0C-CFE654B101B7}.Debug|x64.Build.0 = Debug|Any CPU
		{69C98BF2-753E-4680-AA0C-CFE654B101B7}.Debug|x86.ActiveCfg = Debug|Any CPU
		{69C98BF2-753E-4680-AA0C-CFE654B101B7}.Debug|x86.Build.0 = Debug|Any CPU
		{69C98BF2-753E-4680-AA0C-CFE654B101B7}.Release|Any CPU.ActiveCfg = Release|Any CPU
		{69C98BF2-753E-4680-AA0C-CFE654B101B7}.Release|Any CPU.Build.0 = Release|Any CPU
		{69C98BF2-753E-4680-AA0C-CFE654B101B7}.Release|x64.ActiveCfg = Release|Any CPU
		{69C98BF2-753E-4680-AA0C-CFE654B101B7}.Release|x64.Build.0 = Release|Any CPU
		{69C98BF2-753E-4680-AA0C-CFE654B101B7}.Release|x86.ActiveCfg = Release|Any CPU
		{69C98BF2-753E-4680-AA0C-CFE654B101B7}.Release|x86.Build.0 = Release|Any CPU
		{A897D4F1-8650-4A32-8E91-070808030B3F}.Debug|Any CPU.ActiveCfg = Debug|Any CPU
		{A897D4F1-8650-4A32-8E91-070808030B3F}.Debug|Any CPU.Build.0 = Debug|Any CPU
		{A897D4F1-8650-4A32-8E91-070808030B3F}.Debug|x64.ActiveCfg = Debug|Any CPU
		{A897D4F1-8650-4A32-8E91-070808030B3F}.Debug|x64.Build.0 = Debug|Any CPU
		{A897D4F1-8650-4A32-8E91-070808030B3F}.Debug|x86.ActiveCfg = Debug|Any CPU
		{A897D4F1-8650-4A32-8E91-070808030B3F}.Debug|x86.Build.0 = Debug|Any CPU
		{A897D4F1-8650-4A32-8E91-070808030B3F}.Release|Any CPU.ActiveCfg = Release|Any CPU
		{A897D4F1-8650-4A32-8E91-070808030B3F}.Release|Any CPU.Build.0 = Release|Any CPU
		{A897D4F1-8650-4A32-8E91-070808030B3F}.Release|x64.ActiveCfg = Release|Any CPU
		{A897D4F1-8650-4A32-8E91-070808030B3F}.Release|x64.Build.0 = Release|Any CPU
		{A897D4F1-8650-4A32-8E91-070808030B3F}.Release|x86.ActiveCfg = Release|Any CPU
		{A897D4F1-8650-4A32-8E91-070808030B3F}.Release|x86.Build.0 = Release|Any CPU
		{9154E169-8096-472F-B1D1-82B8C58D2CB5}.Debug|Any CPU.ActiveCfg = Debug|Any CPU
		{9154E169-8096-472F-B1D1-82B8C58D2CB5}.Debug|Any CPU.Build.0 = Debug|Any CPU
		{9154E169-8096-472F-B1D1-82B8C58D2CB5}.Debug|x64.ActiveCfg = Debug|Any CPU
		{9154E169-8096-472F-B1D1-82B8C58D2CB5}.Debug|x64.Build.0 = Debug|Any CPU
		{9154E169-8096-472F-B1D1-82B8C58D2CB5}.Debug|x86.ActiveCfg = Debug|Any CPU
		{9154E169-8096-472F-B1D1-82B8C58D2CB5}.Debug|x86.Build.0 = Debug|Any CPU
		{9154E169-8096-472F-B1D1-82B8C58D2CB5}.Release|Any CPU.ActiveCfg = Release|Any CPU
		{9154E169-8096-472F-B1D1-82B8C58D2CB5}.Release|Any CPU.Build.0 = Release|Any CPU
		{9154E169-8096-472F-B1D1-82B8C58D2CB5}.Release|x64.ActiveCfg = Release|Any CPU
		{9154E169-8096-472F-B1D1-82B8C58D2CB5}.Release|x64.Build.0 = Release|Any CPU
		{9154E169-8096-472F-B1D1-82B8C58D2CB5}.Release|x86.ActiveCfg = Release|Any CPU
		{9154E169-8096-472F-B1D1-82B8C58D2CB5}.Release|x86.Build.0 = Release|Any CPU
	EndGlobalSection
	GlobalSection(SolutionProperties) = preSolution
		HideSolutionNode = FALSE
	EndGlobalSection
	GlobalSection(ExtensibilityGlobals) = postSolution
		SolutionGuid = {F02B9F52-60F5-48A2-9E14-6A199C71998E}
	EndGlobalSection
EndGlobal
